// !$*UTF8*$!
{
	archiveVersion = 1;
	classes = {
	};
	objectVersion = 55;
	objects = {

/* Begin PBXBuildFile section */
		7A75D85222652548FDA87DE4 /* Pods_MyFirstApplication.framework in Frameworks */ = {isa = PBXBuildFile; fileRef = DC52C462F119BC83529CED72 /* Pods_MyFirstApplication.framework */; };
		9322350727BC3E6D0027FA20 /* AppDelegate.swift in Sources */ = {isa = PBXBuildFile; fileRef = 9322350627BC3E6D0027FA20 /* AppDelegate.swift */; };
		9322350927BC3E6D0027FA20 /* SceneDelegate.swift in Sources */ = {isa = PBXBuildFile; fileRef = 9322350827BC3E6D0027FA20 /* SceneDelegate.swift */; };
		9322350E27BC3E6D0027FA20 /* Main.storyboard in Resources */ = {isa = PBXBuildFile; fileRef = 9322350C27BC3E6D0027FA20 /* Main.storyboard */; };
		9322351027BC3E6E0027FA20 /* Assets.xcassets in Resources */ = {isa = PBXBuildFile; fileRef = 9322350F27BC3E6E0027FA20 /* Assets.xcassets */; };
		9322351327BC3E6E0027FA20 /* LaunchScreen.storyboard in Resources */ = {isa = PBXBuildFile; fileRef = 9322351127BC3E6E0027FA20 /* LaunchScreen.storyboard */; };
		93776F4027BFF38900AF889D /* Model.swift in Sources */ = {isa = PBXBuildFile; fileRef = 93776F3F27BFF38900AF889D /* Model.swift */; };
		93B89EB627C2684D00099920 /* PostDetailsViewController.swift in Sources */ = {isa = PBXBuildFile; fileRef = 93B89EB527C2684D00099920 /* PostDetailsViewController.swift */; };
		93B89EB827C3E97B00099920 /* Request.swift in Sources */ = {isa = PBXBuildFile; fileRef = 93B89EB727C3E97B00099920 /* Request.swift */; };
		93E1CAD52822D7D0006C7AB5 /* PostTableViewCell.swift in Sources */ = {isa = PBXBuildFile; fileRef = 93E1CAD42822D7D0006C7AB5 /* PostTableViewCell.swift */; };
		93E1CAD9282549CE006C7AB5 /* Post.swift in Sources */ = {isa = PBXBuildFile; fileRef = 93E1CAD8282549CE006C7AB5 /* Post.swift */; };
		93E1CADD282877A9006C7AB5 /* PostView.swift in Sources */ = {isa = PBXBuildFile; fileRef = 93E1CADC282877A9006C7AB5 /* PostView.swift */; };
		93E1CADF28296F51006C7AB5 /* PostView.xib in Resources */ = {isa = PBXBuildFile; fileRef = 93E1CADE28296F51006C7AB5 /* PostView.xib */; };
		93F6D181280EE858003B7F0A /* PostListViewController.swift in Sources */ = {isa = PBXBuildFile; fileRef = 93F6D180280EE858003B7F0A /* PostListViewController.swift */; };
/* End PBXBuildFile section */

/* Begin PBXFileReference section */
		297EB4BF629FD72047524CD4 /* Pods-MyFirstApplication.debug.xcconfig */ = {isa = PBXFileReference; includeInIndex = 1; lastKnownFileType = text.xcconfig; name = "Pods-MyFirstApplication.debug.xcconfig"; path = "Target Support Files/Pods-MyFirstApplication/Pods-MyFirstApplication.debug.xcconfig"; sourceTree = "<group>"; };
		5F78131248F2CBF8CE0490D4 /* Pods-MyFirstApplication.release.xcconfig */ = {isa = PBXFileReference; includeInIndex = 1; lastKnownFileType = text.xcconfig; name = "Pods-MyFirstApplication.release.xcconfig"; path = "Target Support Files/Pods-MyFirstApplication/Pods-MyFirstApplication.release.xcconfig"; sourceTree = "<group>"; };
		9322350327BC3E6D0027FA20 /* MyFirstApplication.app */ = {isa = PBXFileReference; explicitFileType = wrapper.application; includeInIndex = 0; path = MyFirstApplication.app; sourceTree = BUILT_PRODUCTS_DIR; };
		9322350627BC3E6D0027FA20 /* AppDelegate.swift */ = {isa = PBXFileReference; lastKnownFileType = sourcecode.swift; path = AppDelegate.swift; sourceTree = "<group>"; };
		9322350827BC3E6D0027FA20 /* SceneDelegate.swift */ = {isa = PBXFileReference; lastKnownFileType = sourcecode.swift; path = SceneDelegate.swift; sourceTree = "<group>"; };
		9322350D27BC3E6D0027FA20 /* Base */ = {isa = PBXFileReference; lastKnownFileType = file.storyboard; name = Base; path = Base.lproj/Main.storyboard; sourceTree = "<group>"; };
		9322350F27BC3E6E0027FA20 /* Assets.xcassets */ = {isa = PBXFileReference; lastKnownFileType = folder.assetcatalog; path = Assets.xcassets; sourceTree = "<group>"; };
		9322351227BC3E6E0027FA20 /* Base */ = {isa = PBXFileReference; lastKnownFileType = file.storyboard; name = Base; path = Base.lproj/LaunchScreen.storyboard; sourceTree = "<group>"; };
		9322351427BC3E6E0027FA20 /* Info.plist */ = {isa = PBXFileReference; lastKnownFileType = text.plist.xml; path = Info.plist; sourceTree = "<group>"; };
		93776F3F27BFF38900AF889D /* Model.swift */ = {isa = PBXFileReference; lastKnownFileType = sourcecode.swift; path = Model.swift; sourceTree = "<group>"; };
		93B89EB527C2684D00099920 /* PostDetailsViewController.swift */ = {isa = PBXFileReference; lastKnownFileType = sourcecode.swift; path = PostDetailsViewController.swift; sourceTree = "<group>"; };
		93B89EB727C3E97B00099920 /* Request.swift */ = {isa = PBXFileReference; lastKnownFileType = sourcecode.swift; path = Request.swift; sourceTree = "<group>"; };
		93E1CAD42822D7D0006C7AB5 /* PostTableViewCell.swift */ = {isa = PBXFileReference; lastKnownFileType = sourcecode.swift; path = PostTableViewCell.swift; sourceTree = "<group>"; };
		93E1CAD8282549CE006C7AB5 /* Post.swift */ = {isa = PBXFileReference; lastKnownFileType = sourcecode.swift; path = Post.swift; sourceTree = "<group>"; };
		93E1CADC282877A9006C7AB5 /* PostView.swift */ = {isa = PBXFileReference; lastKnownFileType = sourcecode.swift; path = PostView.swift; sourceTree = "<group>"; };
		93E1CADE28296F51006C7AB5 /* PostView.xib */ = {isa = PBXFileReference; lastKnownFileType = file.xib; path = PostView.xib; sourceTree = "<group>"; };
		93F6D180280EE858003B7F0A /* PostListViewController.swift */ = {isa = PBXFileReference; lastKnownFileType = sourcecode.swift; path = PostListViewController.swift; sourceTree = "<group>"; };
		DC52C462F119BC83529CED72 /* Pods_MyFirstApplication.framework */ = {isa = PBXFileReference; explicitFileType = wrapper.framework; includeInIndex = 0; path = Pods_MyFirstApplication.framework; sourceTree = BUILT_PRODUCTS_DIR; };
/* End PBXFileReference section */

/* Begin PBXFrameworksBuildPhase section */
		9322350027BC3E6D0027FA20 /* Frameworks */ = {
			isa = PBXFrameworksBuildPhase;
			buildActionMask = 2147483647;
			files = (
				7A75D85222652548FDA87DE4 /* Pods_MyFirstApplication.framework in Frameworks */,
			);
			runOnlyForDeploymentPostprocessing = 0;
		};
/* End PBXFrameworksBuildPhase section */

/* Begin PBXGroup section */
		932234FA27BC3E6D0027FA20 = {
			isa = PBXGroup;
			children = (
				9322350527BC3E6D0027FA20 /* MyFirstApplication */,
				9322350427BC3E6D0027FA20 /* Products */,
				BE0383ED5B2D8C215896AECA /* Pods */,
				CB16225A2CBF3AD22730CACE /* Frameworks */,
			);
			sourceTree = "<group>";
		};
		9322350427BC3E6D0027FA20 /* Products */ = {
			isa = PBXGroup;
			children = (
				9322350327BC3E6D0027FA20 /* MyFirstApplication.app */,
			);
			name = Products;
			sourceTree = "<group>";
		};
		9322350527BC3E6D0027FA20 /* MyFirstApplication */ = {
			isa = PBXGroup;
			children = (
				9322350627BC3E6D0027FA20 /* AppDelegate.swift */,
				9322350827BC3E6D0027FA20 /* SceneDelegate.swift */,
				9322350C27BC3E6D0027FA20 /* Main.storyboard */,
				93E1CADC282877A9006C7AB5 /* PostView.swift */,
				93E1CADE28296F51006C7AB5 /* PostView.xib */,
				9322350F27BC3E6E0027FA20 /* Assets.xcassets */,
				9322351127BC3E6E0027FA20 /* LaunchScreen.storyboard */,
				9322351427BC3E6E0027FA20 /* Info.plist */,
				93776F3F27BFF38900AF889D /* Model.swift */,
				93B89EB527C2684D00099920 /* PostDetailsViewController.swift */,
				93B89EB727C3E97B00099920 /* Request.swift */,
				93E1CAD8282549CE006C7AB5 /* Post.swift */,
				93E1CAD42822D7D0006C7AB5 /* PostTableViewCell.swift */,
				93F6D180280EE858003B7F0A /* PostListViewController.swift */,
			);
			path = MyFirstApplication;
			sourceTree = "<group>";
		};
		BE0383ED5B2D8C215896AECA /* Pods */ = {
			isa = PBXGroup;
			children = (
				297EB4BF629FD72047524CD4 /* Pods-MyFirstApplication.debug.xcconfig */,
				5F78131248F2CBF8CE0490D4 /* Pods-MyFirstApplication.release.xcconfig */,
			);
			path = Pods;
			sourceTree = "<group>";
		};
		CB16225A2CBF3AD22730CACE /* Frameworks */ = {
			isa = PBXGroup;
			children = (
				DC52C462F119BC83529CED72 /* Pods_MyFirstApplication.framework */,
			);
			name = Frameworks;
			sourceTree = "<group>";
		};
/* End PBXGroup section */

/* Begin PBXNativeTarget section */
		9322350227BC3E6D0027FA20 /* MyFirstApplication */ = {
			isa = PBXNativeTarget;
			buildConfigurationList = 9322351727BC3E6E0027FA20 /* Build configuration list for PBXNativeTarget "MyFirstApplication" */;
			buildPhases = (
				3EB46E5D5FF4BF778A4FAA95 /* [CP] Check Pods Manifest.lock */,
				932234FF27BC3E6D0027FA20 /* Sources */,
				9322350027BC3E6D0027FA20 /* Frameworks */,
				9322350127BC3E6D0027FA20 /* Resources */,
				089946D2C7F92E8DAF355979 /* [CP] Embed Pods Frameworks */,
			);
			buildRules = (
			);
			dependencies = (
			);
			name = MyFirstApplication;
			productName = MyFirstApplication;
			productReference = 9322350327BC3E6D0027FA20 /* MyFirstApplication.app */;
			productType = "com.apple.product-type.application";
		};
/* End PBXNativeTarget section */

/* Begin PBXProject section */
		932234FB27BC3E6D0027FA20 /* Project object */ = {
			isa = PBXProject;
			attributes = {
				BuildIndependentTargetsInParallel = 1;
				LastSwiftUpdateCheck = 1320;
				LastUpgradeCheck = 1320;
				TargetAttributes = {
					9322350227BC3E6D0027FA20 = {
						CreatedOnToolsVersion = 13.2.1;
					};
				};
			};
			buildConfigurationList = 932234FE27BC3E6D0027FA20 /* Build configuration list for PBXProject "MyFirstApplication" */;
			compatibilityVersion = "Xcode 13.0";
			developmentRegion = en;
			hasScannedForEncodings = 0;
			knownRegions = (
				en,
				Base,
			);
			mainGroup = 932234FA27BC3E6D0027FA20;
			productRefGroup = 9322350427BC3E6D0027FA20 /* Products */;
			projectDirPath = "";
			projectRoot = "";
			targets = (
				9322350227BC3E6D0027FA20 /* MyFirstApplication */,
			);
		};
/* End PBXProject section */

/* Begin PBXResourcesBuildPhase section */
		9322350127BC3E6D0027FA20 /* Resources */ = {
			isa = PBXResourcesBuildPhase;
			buildActionMask = 2147483647;
			files = (
				9322351327BC3E6E0027FA20 /* LaunchScreen.storyboard in Resources */,
				9322351027BC3E6E0027FA20 /* Assets.xcassets in Resources */,
				93E1CADF28296F51006C7AB5 /* PostView.xib in Resources */,
				9322350E27BC3E6D0027FA20 /* Main.storyboard in Resources */,
			);
			runOnlyForDeploymentPostprocessing = 0;
		};
/* End PBXResourcesBuildPhase section */

/* Begin PBXShellScriptBuildPhase section */
		089946D2C7F92E8DAF355979 /* [CP] Embed Pods Frameworks */ = {
			isa = PBXShellScriptBuildPhase;
			buildActionMask = 2147483647;
			files = (
			);
			inputFileListPaths = (
				"${PODS_ROOT}/Target Support Files/Pods-MyFirstApplication/Pods-MyFirstApplication-frameworks-${CONFIGURATION}-input-files.xcfilelist",
			);
			name = "[CP] Embed Pods Frameworks";
			outputFileListPaths = (
				"${PODS_ROOT}/Target Support Files/Pods-MyFirstApplication/Pods-MyFirstApplication-frameworks-${CONFIGURATION}-output-files.xcfilelist",
			);
			runOnlyForDeploymentPostprocessing = 0;
			shellPath = /bin/sh;
			shellScript = "\"${PODS_ROOT}/Target Support Files/Pods-MyFirstApplication/Pods-MyFirstApplication-frameworks.sh\"\n";
			showEnvVarsInLog = 0;
		};
		3EB46E5D5FF4BF778A4FAA95 /* [CP] Check Pods Manifest.lock */ = {
			isa = PBXShellScriptBuildPhase;
			buildActionMask = 2147483647;
			files = (
			);
			inputFileListPaths = (
			);
			inputPaths = (
				"${PODS_PODFILE_DIR_PATH}/Podfile.lock",
				"${PODS_ROOT}/Manifest.lock",
			);
			name = "[CP] Check Pods Manifest.lock";
			outputFileListPaths = (
			);
			outputPaths = (
				"$(DERIVED_FILE_DIR)/Pods-MyFirstApplication-checkManifestLockResult.txt",
			);
			runOnlyForDeploymentPostprocessing = 0;
			shellPath = /bin/sh;
			shellScript = "diff \"${PODS_PODFILE_DIR_PATH}/Podfile.lock\" \"${PODS_ROOT}/Manifest.lock\" > /dev/null\nif [ $? != 0 ] ; then\n    # print error to STDERR\n    echo \"error: The sandbox is not in sync with the Podfile.lock. Run 'pod install' or update your CocoaPods installation.\" >&2\n    exit 1\nfi\n# This output is used by Xcode 'outputs' to avoid re-running this script phase.\necho \"SUCCESS\" > \"${SCRIPT_OUTPUT_FILE_0}\"\n";
			showEnvVarsInLog = 0;
		};
/* End PBXShellScriptBuildPhase section */

/* Begin PBXSourcesBuildPhase section */
		932234FF27BC3E6D0027FA20 /* Sources */ = {
			isa = PBXSourcesBuildPhase;
			buildActionMask = 2147483647;
			files = (
				93F6D181280EE858003B7F0A /* PostListViewController.swift in Sources */,
				93B89EB827C3E97B00099920 /* Request.swift in Sources */,
				93E1CAD52822D7D0006C7AB5 /* PostTableViewCell.swift in Sources */,
				93776F4027BFF38900AF889D /* Model.swift in Sources */,
				9322350727BC3E6D0027FA20 /* AppDelegate.swift in Sources */,
				9322350927BC3E6D0027FA20 /* SceneDelegate.swift in Sources */,
				93B89EB627C2684D00099920 /* PostDetailsViewController.swift in Sources */,
				93E1CAD9282549CE006C7AB5 /* Post.swift in Sources */,
				93E1CADD282877A9006C7AB5 /* PostView.swift in Sources */,
			);
			runOnlyForDeploymentPostprocessing = 0;
		};
/* End PBXSourcesBuildPhase section */

/* Begin PBXVariantGroup section */
		9322350C27BC3E6D0027FA20 /* Main.storyboard */ = {
			isa = PBXVariantGroup;
			children = (
				9322350D27BC3E6D0027FA20 /* Base */,
			);
			name = Main.storyboard;
			sourceTree = "<group>";
		};
		9322351127BC3E6E0027FA20 /* LaunchScreen.storyboard */ = {
			isa = PBXVariantGroup;
			children = (
				9322351227BC3E6E0027FA20 /* Base */,
			);
			name = LaunchScreen.storyboard;
			sourceTree = "<group>";
		};
/* End PBXVariantGroup section */

/* Begin XCBuildConfiguration section */
		9322351527BC3E6E0027FA20 /* Debug */ = {
			isa = XCBuildConfiguration;
			buildSettings = {
				ALWAYS_SEARCH_USER_PATHS = NO;
				CLANG_ANALYZER_NONNULL = YES;
				CLANG_ANALYZER_NUMBER_OBJECT_CONVERSION = YES_AGGRESSIVE;
				CLANG_CXX_LANGUAGE_STANDARD = "gnu++17";
				CLANG_CXX_LIBRARY = "libc++";
				CLANG_ENABLE_MODULES = YES;
				CLANG_ENABLE_OBJC_ARC = YES;
				CLANG_ENABLE_OBJC_WEAK = YES;
				CLANG_WARN_BLOCK_CAPTURE_AUTORELEASING = YES;
				CLANG_WARN_BOOL_CONVERSION = YES;
				CLANG_WARN_COMMA = YES;
				CLANG_WARN_CONSTANT_CONVERSION = YES;
				CLANG_WARN_DEPRECATED_OBJC_IMPLEMENTATIONS = YES;
				CLANG_WARN_DIRECT_OBJC_ISA_USAGE = YES_ERROR;
				CLANG_WARN_DOCUMENTATION_COMMENTS = YES;
				CLANG_WARN_EMPTY_BODY = YES;
				CLANG_WARN_ENUM_CONVERSION = YES;
				CLANG_WARN_INFINITE_RECURSION = YES;
				CLANG_WARN_INT_CONVERSION = YES;
				CLANG_WARN_NON_LITERAL_NULL_CONVERSION = YES;
				CLANG_WARN_OBJC_IMPLICIT_RETAIN_SELF = YES;
				CLANG_WARN_OBJC_LITERAL_CONVERSION = YES;
				CLANG_WARN_OBJC_ROOT_CLASS = YES_ERROR;
				CLANG_WARN_QUOTED_INCLUDE_IN_FRAMEWORK_HEADER = YES;
				CLANG_WARN_RANGE_LOOP_ANALYSIS = YES;
				CLANG_WARN_STRICT_PROTOTYPES = YES;
				CLANG_WARN_SUSPICIOUS_MOVE = YES;
				CLANG_WARN_UNGUARDED_AVAILABILITY = YES_AGGRESSIVE;
				CLANG_WARN_UNREACHABLE_CODE = YES;
				CLANG_WARN__DUPLICATE_METHOD_MATCH = YES;
				COPY_PHASE_STRIP = NO;
				DEBUG_INFORMATION_FORMAT = dwarf;
				ENABLE_STRICT_OBJC_MSGSEND = YES;
				ENABLE_TESTABILITY = YES;
				GCC_C_LANGUAGE_STANDARD = gnu11;
				GCC_DYNAMIC_NO_PIC = NO;
				GCC_NO_COMMON_BLOCKS = YES;
				GCC_OPTIMIZATION_LEVEL = 0;
				GCC_PREPROCESSOR_DEFINITIONS = (
					"DEBUG=1",
					"$(inherited)",
				);
				GCC_WARN_64_TO_32_BIT_CONVERSION = YES;
				GCC_WARN_ABOUT_RETURN_TYPE = YES_ERROR;
				GCC_WARN_UNDECLARED_SELECTOR = YES;
				GCC_WARN_UNINITIALIZED_AUTOS = YES_AGGRESSIVE;
				GCC_WARN_UNUSED_FUNCTION = YES;
				GCC_WARN_UNUSED_VARIABLE = YES;
				IPHONEOS_DEPLOYMENT_TARGET = 15.2;
				MTL_ENABLE_DEBUG_INFO = INCLUDE_SOURCE;
				MTL_FAST_MATH = YES;
				ONLY_ACTIVE_ARCH = YES;
				SDKROOT = iphoneos;
				SWIFT_ACTIVE_COMPILATION_CONDITIONS = DEBUG;
				SWIFT_OPTIMIZATION_LEVEL = "-Onone";
			};
			name = Debug;
		};
		9322351627BC3E6E0027FA20 /* Release */ = {
			isa = XCBuildConfiguration;
			buildSettings = {
				ALWAYS_SEARCH_USER_PATHS = NO;
				CLANG_ANALYZER_NONNULL = YES;
				CLANG_ANALYZER_NUMBER_OBJECT_CONVERSION = YES_AGGRESSIVE;
				CLANG_CXX_LANGUAGE_STANDARD = "gnu++17";
				CLANG_CXX_LIBRARY = "libc++";
				CLANG_ENABLE_MODULES = YES;
				CLANG_ENABLE_OBJC_ARC = YES;
				CLANG_ENABLE_OBJC_WEAK = YES;
				CLANG_WARN_BLOCK_CAPTURE_AUTORELEASING = YES;
				CLANG_WARN_BOOL_CONVERSION = YES;
				CLANG_WARN_COMMA = YES;
				CLANG_WARN_CONSTANT_CONVERSION = YES;
				CLANG_WARN_DEPRECATED_OBJC_IMPLEMENTATIONS = YES;
				CLANG_WARN_DIRECT_OBJC_ISA_USAGE = YES_ERROR;
				CLANG_WARN_DOCUMENTATION_COMMENTS = YES;
				CLANG_WARN_EMPTY_BODY = YES;
				CLANG_WARN_ENUM_CONVERSION = YES;
				CLANG_WARN_INFINITE_RECURSION = YES;
				CLANG_WARN_INT_CONVERSION = YES;
				CLANG_WARN_NON_LITERAL_NULL_CONVERSION = YES;
				CLANG_WARN_OBJC_IMPLICIT_RETAIN_SELF = YES;
				CLANG_WARN_OBJC_LITERAL_CONVERSION = YES;
				CLANG_WARN_OBJC_ROOT_CLASS = YES_ERROR;
				CLANG_WARN_QUOTED_INCLUDE_IN_FRAMEWORK_HEADER = YES;
				CLANG_WARN_RANGE_LOOP_ANALYSIS = YES;
				CLANG_WARN_STRICT_PROTOTYPES = YES;
				CLANG_WARN_SUSPICIOUS_MOVE = YES;
				CLANG_WARN_UNGUARDED_AVAILABILITY = YES_AGGRESSIVE;
				CLANG_WARN_UNREACHABLE_CODE = YES;
				CLANG_WARN__DUPLICATE_METHOD_MATCH = YES;
				COPY_PHASE_STRIP = NO;
				DEBUG_INFORMATION_FORMAT = "dwarf-with-dsym";
				ENABLE_NS_ASSERTIONS = NO;
				ENABLE_STRICT_OBJC_MSGSEND = YES;
				GCC_C_LANGUAGE_STANDARD = gnu11;
				GCC_NO_COMMON_BLOCKS = YES;
				GCC_WARN_64_TO_32_BIT_CONVERSION = YES;
				GCC_WARN_ABOUT_RETURN_TYPE = YES_ERROR;
				GCC_WARN_UNDECLARED_SELECTOR = YES;
				GCC_WARN_UNINITIALIZED_AUTOS = YES_AGGRESSIVE;
				GCC_WARN_UNUSED_FUNCTION = YES;
				GCC_WARN_UNUSED_VARIABLE = YES;
				IPHONEOS_DEPLOYMENT_TARGET = 15.2;
				MTL_ENABLE_DEBUG_INFO = NO;
				MTL_FAST_MATH = YES;
				SDKROOT = iphoneos;
				SWIFT_COMPILATION_MODE = wholemodule;
				SWIFT_OPTIMIZATION_LEVEL = "-O";
				VALIDATE_PRODUCT = YES;
			};
			name = Release;
		};
		9322351827BC3E6E0027FA20 /* Debug */ = {
			isa = XCBuildConfiguration;
			baseConfigurationReference = 297EB4BF629FD72047524CD4 /* Pods-MyFirstApplication.debug.xcconfig */;
			buildSettings = {
				ASSETCATALOG_COMPILER_APPICON_NAME = AppIcon;
				ASSETCATALOG_COMPILER_GLOBAL_ACCENT_COLOR_NAME = AccentColor;
				CODE_SIGN_STYLE = Automatic;
				CURRENT_PROJECT_VERSION = 1;
				DEVELOPMENT_TEAM = VNU8KKW4GG;
				GENERATE_INFOPLIST_FILE = YES;
				INFOPLIST_FILE = MyFirstApplication/Info.plist;
				INFOPLIST_KEY_UIApplicationSupportsIndirectInputEvents = YES;
				INFOPLIST_KEY_UILaunchStoryboardName = LaunchScreen;
				INFOPLIST_KEY_UIMainStoryboardFile = Main;
				INFOPLIST_KEY_UISupportedInterfaceOrientations = "UIInterfaceOrientationPortrait UIInterfaceOrientationPortraitUpsideDown UIInterfaceOrientationLandscapeLeft UIInterfaceOrientationLandscapeRight";
				INFOPLIST_KEY_UISupportedInterfaceOrientations_iPad = "UIInterfaceOrientationPortrait UIInterfaceOrientationPortraitUpsideDown UIInterfaceOrientationLandscapeLeft UIInterfaceOrientationLandscapeRight";
				INFOPLIST_KEY_UISupportedInterfaceOrientations_iPhone = "UIInterfaceOrientationPortrait UIInterfaceOrientationLandscapeLeft UIInterfaceOrientationLandscapeRight";
				LD_RUNPATH_SEARCH_PATHS = (
					"$(inherited)",
					"@executable_path/Frameworks",
				);
				MARKETING_VERSION = 1.0;
				PRODUCT_BUNDLE_IDENTIFIER = ua.edu.ukma.hetman.MyFirstApplication;
				PRODUCT_NAME = "$(TARGET_NAME)";
				SWIFT_EMIT_LOC_STRINGS = YES;
				SWIFT_VERSION = 5.0;
				TARGETED_DEVICE_FAMILY = 1;
			};
			name = Debug;
		};
		9322351927BC3E6E0027FA20 /* Release */ = {
			isa = XCBuildConfiguration;
			baseConfigurationReference = 5F78131248F2CBF8CE0490D4 /* Pods-MyFirstApplication.release.xcconfig */;
			buildSettings = {
				ASSETCATALOG_COMPILER_APPICON_NAME = AppIcon;
				ASSETCATALOG_COMPILER_GLOBAL_ACCENT_COLOR_NAME = AccentColor;
				CODE_SIGN_STYLE = Automatic;
				CURRENT_PROJECT_VERSION = 1;
				DEVELOPMENT_TEAM = VNU8KKW4GG;
				GENERATE_INFOPLIST_FILE = YES;
				INFOPLIST_FILE = MyFirstApplication/Info.plist;
				INFOPLIST_KEY_UIApplicationSupportsIndirectInputEvents = YES;
				INFOPLIST_KEY_UILaunchStoryboardName = LaunchScreen;
				INFOPLIST_KEY_UIMainStoryboardFile = Main;
				INFOPLIST_KEY_UISupportedInterfaceOrientations = "UIInterfaceOrientationPortrait UIInterfaceOrientationPortraitUpsideDown UIInterfaceOrientationLandscapeLeft UIInterfaceOrientationLandscapeRight";
				INFOPLIST_KEY_UISupportedInterfaceOrientations_iPad = "UIInterfaceOrientationPortrait UIInterfaceOrientationPortraitUpsideDown UIInterfaceOrientationLandscapeLeft UIInterfaceOrientationLandscapeRight";
				INFOPLIST_KEY_UISupportedInterfaceOrientations_iPhone = "UIInterfaceOrientationPortrait UIInterfaceOrientationLandscapeLeft UIInterfaceOrientationLandscapeRight";
				LD_RUNPATH_SEARCH_PATHS = (
					"$(inherited)",
					"@executable_path/Frameworks",
				);
				MARKETING_VERSION = 1.0;
				PRODUCT_BUNDLE_IDENTIFIER = ua.edu.ukma.hetman.MyFirstApplication;
				PRODUCT_NAME = "$(TARGET_NAME)";
				SWIFT_EMIT_LOC_STRINGS = YES;
				SWIFT_VERSION = 5.0;
				TARGETED_DEVICE_FAMILY = 1;
			};
			name = Release;
		};
/* End XCBuildConfiguration section */

/* Begin XCConfigurationList section */
		932234FE27BC3E6D0027FA20 /* Build configuration list for PBXProject "MyFirstApplication" */ = {
			isa = XCConfigurationList;
			buildConfigurations = (
				9322351527BC3E6E0027FA20 /* Debug */,
				9322351627BC3E6E0027FA20 /* Release */,
			);
			defaultConfigurationIsVisible = 0;
			defaultConfigurationName = Release;
		};
		9322351727BC3E6E0027FA20 /* Build configuration list for PBXNativeTarget "MyFirstApplication" */ = {
			isa = XCConfigurationList;
			buildConfigurations = (
				9322351827BC3E6E0027FA20 /* Debug */,
				9322351927BC3E6E0027FA20 /* Release */,
			);
			defaultConfigurationIsVisible = 0;
			defaultConfigurationName = Release;
		};
/* End XCConfigurationList section */
	};
	rootObject = 932234FB27BC3E6D0027FA20 /* Project object */;
}
